// !$*UTF8*$!
{
	archiveVersion = 1;
	classes = {
	};
	objectVersion = 55;
	objects = {

/* Begin PBXBuildFile section */
		773E2629274173E7002F374E /* Throttler.m in Sources */ = {isa = PBXBuildFile; fileRef = 773E2628274173E7002F374E /* Throttler.m */; };
		777F931B273EE34B00351A0A /* AVPlayer+IsPlaying.m in Sources */ = {isa = PBXBuildFile; fileRef = 777F931A273EE34B00351A0A /* AVPlayer+IsPlaying.m */; };
		777F9320273FFF7800351A0A /* PlayerView.m in Sources */ = {isa = PBXBuildFile; fileRef = 777F931F273FFF7800351A0A /* PlayerView.m */; };
		777F93252740074600351A0A /* FullScreenPlayerViewController.m in Sources */ = {isa = PBXBuildFile; fileRef = 777F93242740074600351A0A /* FullScreenPlayerViewController.m */; };
		777F932927400AE600351A0A /* WeakRef.m in Sources */ = {isa = PBXBuildFile; fileRef = 777F932827400AE600351A0A /* WeakRef.m */; };
		777F932C27400B5100351A0A /* MulticastDelegate.m in Sources */ = {isa = PBXBuildFile; fileRef = 777F932B27400B5100351A0A /* MulticastDelegate.m */; };
		77C0DC75273D78F900752794 /* AppDelegate.m in Sources */ = {isa = PBXBuildFile; fileRef = 77C0DC74273D78F900752794 /* AppDelegate.m */; };
		77C0DC80273D78FC00752794 /* Assets.xcassets in Resources */ = {isa = PBXBuildFile; fileRef = 77C0DC7F273D78FC00752794 /* Assets.xcassets */; };
		77C0DC83273D78FC00752794 /* LaunchScreen.storyboard in Resources */ = {isa = PBXBuildFile; fileRef = 77C0DC81273D78FC00752794 /* LaunchScreen.storyboard */; };
		77C0DC86273D78FC00752794 /* main.m in Sources */ = {isa = PBXBuildFile; fileRef = 77C0DC85273D78FC00752794 /* main.m */; };
		77C0DC91273D799700752794 /* PlayerViewController.m in Sources */ = {isa = PBXBuildFile; fileRef = 77C0DC90273D799700752794 /* PlayerViewController.m */; };
		77C0DC95273D7E9D00752794 /* Player.m in Sources */ = {isa = PBXBuildFile; fileRef = 77C0DC94273D7E9D00752794 /* Player.m */; };
/* End PBXBuildFile section */

/* Begin PBXFileReference section */
		773E2627274173E7002F374E /* Throttler.h */ = {isa = PBXFileReference; lastKnownFileType = sourcecode.c.h; path = Throttler.h; sourceTree = "<group>"; };
		773E2628274173E7002F374E /* Throttler.m */ = {isa = PBXFileReference; lastKnownFileType = sourcecode.c.objc; path = Throttler.m; sourceTree = "<group>"; };
		777F931A273EE34B00351A0A /* AVPlayer+IsPlaying.m */ = {isa = PBXFileReference; lastKnownFileType = sourcecode.c.objc; path = "AVPlayer+IsPlaying.m"; sourceTree = "<group>"; };
		777F931C273EE36100351A0A /* AVPlayer+IsPlaying.h */ = {isa = PBXFileReference; lastKnownFileType = sourcecode.c.h; path = "AVPlayer+IsPlaying.h"; sourceTree = "<group>"; };
		777F931E273FFF7800351A0A /* PlayerView.h */ = {isa = PBXFileReference; lastKnownFileType = sourcecode.c.h; path = PlayerView.h; sourceTree = "<group>"; };
		777F931F273FFF7800351A0A /* PlayerView.m */ = {isa = PBXFileReference; lastKnownFileType = sourcecode.c.objc; path = PlayerView.m; sourceTree = "<group>"; };
		777F93232740074600351A0A /* FullScreenPlayerViewController.h */ = {isa = PBXFileReference; lastKnownFileType = sourcecode.c.h; path = FullScreenPlayerViewController.h; sourceTree = "<group>"; };
		777F93242740074600351A0A /* FullScreenPlayerViewController.m */ = {isa = PBXFileReference; lastKnownFileType = sourcecode.c.objc; path = FullScreenPlayerViewController.m; sourceTree = "<group>"; };
		777F932727400AE600351A0A /* WeakRef.h */ = {isa = PBXFileReference; lastKnownFileType = sourcecode.c.h; path = WeakRef.h; sourceTree = "<group>"; };
		777F932827400AE600351A0A /* WeakRef.m */ = {isa = PBXFileReference; lastKnownFileType = sourcecode.c.objc; path = WeakRef.m; sourceTree = "<group>"; };
		777F932A27400B5100351A0A /* MulticastDelegate.h */ = {isa = PBXFileReference; lastKnownFileType = sourcecode.c.h; path = MulticastDelegate.h; sourceTree = "<group>"; };
		777F932B27400B5100351A0A /* MulticastDelegate.m */ = {isa = PBXFileReference; lastKnownFileType = sourcecode.c.objc; path = MulticastDelegate.m; sourceTree = "<group>"; };
		77C0DC70273D78F900752794 /* VKVideoTest.app */ = {isa = PBXFileReference; explicitFileType = wrapper.application; includeInIndex = 0; path = VKVideoTest.app; sourceTree = BUILT_PRODUCTS_DIR; };
		77C0DC73273D78F900752794 /* AppDelegate.h */ = {isa = PBXFileReference; lastKnownFileType = sourcecode.c.h; path = AppDelegate.h; sourceTree = "<group>"; };
		77C0DC74273D78F900752794 /* AppDelegate.m */ = {isa = PBXFileReference; lastKnownFileType = sourcecode.c.objc; path = AppDelegate.m; sourceTree = "<group>"; };
		77C0DC7F273D78FC00752794 /* Assets.xcassets */ = {isa = PBXFileReference; lastKnownFileType = folder.assetcatalog; path = Assets.xcassets; sourceTree = "<group>"; };
		77C0DC82273D78FC00752794 /* Base */ = {isa = PBXFileReference; lastKnownFileType = file.storyboard; name = Base; path = Base.lproj/LaunchScreen.storyboard; sourceTree = "<group>"; };
		77C0DC84273D78FC00752794 /* Info.plist */ = {isa = PBXFileReference; lastKnownFileType = text.plist.xml; path = Info.plist; sourceTree = "<group>"; };
		77C0DC85273D78FC00752794 /* main.m */ = {isa = PBXFileReference; lastKnownFileType = sourcecode.c.objc; path = main.m; sourceTree = "<group>"; };
		77C0DC8F273D799700752794 /* PlayerViewController.h */ = {isa = PBXFileReference; lastKnownFileType = sourcecode.c.h; path = PlayerViewController.h; sourceTree = "<group>"; };
		77C0DC90273D799700752794 /* PlayerViewController.m */ = {isa = PBXFileReference; lastKnownFileType = sourcecode.c.objc; path = PlayerViewController.m; sourceTree = "<group>"; };
		77C0DC93273D7E9D00752794 /* Player.h */ = {isa = PBXFileReference; lastKnownFileType = sourcecode.c.h; path = Player.h; sourceTree = "<group>"; };
		77C0DC94273D7E9D00752794 /* Player.m */ = {isa = PBXFileReference; lastKnownFileType = sourcecode.c.objc; path = Player.m; sourceTree = "<group>"; };
/* End PBXFileReference section */

/* Begin PBXFrameworksBuildPhase section */
		77C0DC6D273D78F900752794 /* Frameworks */ = {
			isa = PBXFrameworksBuildPhase;
			buildActionMask = 2147483647;
			files = (
			);
			runOnlyForDeploymentPostprocessing = 0;
		};
/* End PBXFrameworksBuildPhase section */

/* Begin PBXGroup section */
		777F9316273EE2A200351A0A /* Extensions */ = {
			isa = PBXGroup;
			children = (
				777F931A273EE34B00351A0A /* AVPlayer+IsPlaying.m */,
				777F931C273EE36100351A0A /* AVPlayer+IsPlaying.h */,
			);
			path = Extensions;
			sourceTree = "<group>";
		};
		777F931D273FFE2D00351A0A /* Views */ = {
			isa = PBXGroup;
			children = (
				777F931E273FFF7800351A0A /* PlayerView.h */,
				777F931F273FFF7800351A0A /* PlayerView.m */,
			);
			path = Views;
			sourceTree = "<group>";
		};
		777F93212740070400351A0A /* Full Screen Player */ = {
			isa = PBXGroup;
			children = (
				777F93232740074600351A0A /* FullScreenPlayerViewController.h */,
				777F93242740074600351A0A /* FullScreenPlayerViewController.m */,
			);
			path = "Full Screen Player";
			sourceTree = "<group>";
		};
		777F932627400AB500351A0A /* Utils */ = {
			isa = PBXGroup;
			children = (
				777F932727400AE600351A0A /* WeakRef.h */,
				777F932827400AE600351A0A /* WeakRef.m */,
				777F932A27400B5100351A0A /* MulticastDelegate.h */,
				777F932B27400B5100351A0A /* MulticastDelegate.m */,
				773E2627274173E7002F374E /* Throttler.h */,
				773E2628274173E7002F374E /* Throttler.m */,
			);
			path = Utils;
			sourceTree = "<group>";
		};
		77C0DC67273D78F900752794 = {
			isa = PBXGroup;
			children = (
				77C0DC72273D78F900752794 /* VKVideoTest */,
				77C0DC71273D78F900752794 /* Products */,
			);
			sourceTree = "<group>";
		};
		77C0DC71273D78F900752794 /* Products */ = {
			isa = PBXGroup;
			children = (
				77C0DC70273D78F900752794 /* VKVideoTest.app */,
			);
			name = Products;
			sourceTree = "<group>";
		};
		77C0DC72273D78F900752794 /* VKVideoTest */ = {
			isa = PBXGroup;
			children = (
				777F932627400AB500351A0A /* Utils */,
				777F931D273FFE2D00351A0A /* Views */,
				777F9316273EE2A200351A0A /* Extensions */,
				77C0DC92273D7E7000752794 /* Services  */,
				77C0DC8D273D792100752794 /* View Controllers */,
				77C0DC8C273D791300752794 /* Base */,
				77C0DC7F273D78FC00752794 /* Assets.xcassets */,
				77C0DC81273D78FC00752794 /* LaunchScreen.storyboard */,
				77C0DC85273D78FC00752794 /* main.m */,
			);
			path = VKVideoTest;
			sourceTree = "<group>";
		};
		77C0DC8C273D791300752794 /* Base */ = {
			isa = PBXGroup;
			children = (
				77C0DC84273D78FC00752794 /* Info.plist */,
				77C0DC73273D78F900752794 /* AppDelegate.h */,
				77C0DC74273D78F900752794 /* AppDelegate.m */,
			);
			path = Base;
			sourceTree = "<group>";
		};
		77C0DC8D273D792100752794 /* View Controllers */ = {
			isa = PBXGroup;
			children = (
				777F93212740070400351A0A /* Full Screen Player */,
				77C0DC8E273D796300752794 /* Player */,
			);
			path = "View Controllers";
			sourceTree = "<group>";
		};
		77C0DC8E273D796300752794 /* Player */ = {
			isa = PBXGroup;
			children = (
				77C0DC8F273D799700752794 /* PlayerViewController.h */,
				77C0DC90273D799700752794 /* PlayerViewController.m */,
			);
			path = Player;
			sourceTree = "<group>";
		};
		77C0DC92273D7E7000752794 /* Services  */ = {
			isa = PBXGroup;
			children = (
				77C0DC93273D7E9D00752794 /* Player.h */,
				77C0DC94273D7E9D00752794 /* Player.m */,
			);
			path = "Services ";
			sourceTree = "<group>";
		};
/* End PBXGroup section */

/* Begin PBXNativeTarget section */
		77C0DC6F273D78F900752794 /* VKVideoTest */ = {
			isa = PBXNativeTarget;
			buildConfigurationList = 77C0DC89273D78FC00752794 /* Build configuration list for PBXNativeTarget "VKVideoTest" */;
			buildPhases = (
				77C0DC6C273D78F900752794 /* Sources */,
				77C0DC6D273D78F900752794 /* Frameworks */,
				77C0DC6E273D78F900752794 /* Resources */,
			);
			buildRules = (
			);
			dependencies = (
			);
			name = VKVideoTest;
			productName = VKVideoTest;
			productReference = 77C0DC70273D78F900752794 /* VKVideoTest.app */;
			productType = "com.apple.product-type.application";
		};
/* End PBXNativeTarget section */

/* Begin PBXProject section */
		77C0DC68273D78F900752794 /* Project object */ = {
			isa = PBXProject;
			attributes = {
				BuildIndependentTargetsInParallel = 1;
				LastUpgradeCheck = 1300;
				TargetAttributes = {
					77C0DC6F273D78F900752794 = {
						CreatedOnToolsVersion = 13.0;
					};
				};
			};
			buildConfigurationList = 77C0DC6B273D78F900752794 /* Build configuration list for PBXProject "VKVideoTest" */;
			compatibilityVersion = "Xcode 13.0";
			developmentRegion = en;
			hasScannedForEncodings = 0;
			knownRegions = (
				en,
				Base,
			);
			mainGroup = 77C0DC67273D78F900752794;
			productRefGroup = 77C0DC71273D78F900752794 /* Products */;
			projectDirPath = "";
			projectRoot = "";
			targets = (
				77C0DC6F273D78F900752794 /* VKVideoTest */,
			);
		};
/* End PBXProject section */

/* Begin PBXResourcesBuildPhase section */
		77C0DC6E273D78F900752794 /* Resources */ = {
			isa = PBXResourcesBuildPhase;
			buildActionMask = 2147483647;
			files = (
				77C0DC83273D78FC00752794 /* LaunchScreen.storyboard in Resources */,
				77C0DC80273D78FC00752794 /* Assets.xcassets in Resources */,
			);
			runOnlyForDeploymentPostprocessing = 0;
		};
/* End PBXResourcesBuildPhase section */

/* Begin PBXSourcesBuildPhase section */
		77C0DC6C273D78F900752794 /* Sources */ = {
			isa = PBXSourcesBuildPhase;
			buildActionMask = 2147483647;
			files = (
				773E2629274173E7002F374E /* Throttler.m in Sources */,
				77C0DC95273D7E9D00752794 /* Player.m in Sources */,
				777F932927400AE600351A0A /* WeakRef.m in Sources */,
				777F9320273FFF7800351A0A /* PlayerView.m in Sources */,
				77C0DC75273D78F900752794 /* AppDelegate.m in Sources */,
				777F93252740074600351A0A /* FullScreenPlayerViewController.m in Sources */,
				77C0DC86273D78FC00752794 /* main.m in Sources */,
				77C0DC91273D799700752794 /* PlayerViewController.m in Sources */,
				777F932C27400B5100351A0A /* MulticastDelegate.m in Sources */,
				777F931B273EE34B00351A0A /* AVPlayer+IsPlaying.m in Sources */,
			);
			runOnlyForDeploymentPostprocessing = 0;
		};
/* End PBXSourcesBuildPhase section */

/* Begin PBXVariantGroup section */
		77C0DC81273D78FC00752794 /* LaunchScreen.storyboard */ = {
			isa = PBXVariantGroup;
			children = (
				77C0DC82273D78FC00752794 /* Base */,
			);
			name = LaunchScreen.storyboard;
			sourceTree = "<group>";
		};
/* End PBXVariantGroup section */

/* Begin XCBuildConfiguration section */
		77C0DC87273D78FC00752794 /* Debug */ = {
			isa = XCBuildConfiguration;
			buildSettings = {
				ALWAYS_SEARCH_USER_PATHS = NO;
				CLANG_ANALYZER_NONNULL = YES;
				CLANG_ANALYZER_NUMBER_OBJECT_CONVERSION = YES_AGGRESSIVE;
				CLANG_CXX_LANGUAGE_STANDARD = "gnu++17";
				CLANG_CXX_LIBRARY = "libc++";
				CLANG_ENABLE_MODULES = YES;
				CLANG_ENABLE_OBJC_ARC = YES;
				CLANG_ENABLE_OBJC_WEAK = YES;
				CLANG_WARN_BLOCK_CAPTURE_AUTORELEASING = YES;
				CLANG_WARN_BOOL_CONVERSION = YES;
				CLANG_WARN_COMMA = YES;
				CLANG_WARN_CONSTANT_CONVERSION = YES;
				CLANG_WARN_DEPRECATED_OBJC_IMPLEMENTATIONS = YES;
				CLANG_WARN_DIRECT_OBJC_ISA_USAGE = YES_ERROR;
				CLANG_WARN_DOCUMENTATION_COMMENTS = YES;
				CLANG_WARN_EMPTY_BODY = YES;
				CLANG_WARN_ENUM_CONVERSION = YES;
				CLANG_WARN_INFINITE_RECURSION = YES;
				CLANG_WARN_INT_CONVERSION = YES;
				CLANG_WARN_NON_LITERAL_NULL_CONVERSION = YES;
				CLANG_WARN_OBJC_IMPLICIT_RETAIN_SELF = YES;
				CLANG_WARN_OBJC_LITERAL_CONVERSION = YES;
				CLANG_WARN_OBJC_ROOT_CLASS = YES_ERROR;
				CLANG_WARN_QUOTED_INCLUDE_IN_FRAMEWORK_HEADER = YES;
				CLANG_WARN_RANGE_LOOP_ANALYSIS = YES;
				CLANG_WARN_STRICT_PROTOTYPES = YES;
				CLANG_WARN_SUSPICIOUS_MOVE = YES;
				CLANG_WARN_UNGUARDED_AVAILABILITY = YES_AGGRESSIVE;
				CLANG_WARN_UNREACHABLE_CODE = YES;
				CLANG_WARN__DUPLICATE_METHOD_MATCH = YES;
				COPY_PHASE_STRIP = NO;
				DEBUG_INFORMATION_FORMAT = dwarf;
				ENABLE_STRICT_OBJC_MSGSEND = YES;
				ENABLE_TESTABILITY = YES;
				GCC_C_LANGUAGE_STANDARD = gnu11;
				GCC_DYNAMIC_NO_PIC = NO;
				GCC_NO_COMMON_BLOCKS = YES;
				GCC_OPTIMIZATION_LEVEL = 0;
				GCC_PREPROCESSOR_DEFINITIONS = (
					"DEBUG=1",
					"$(inherited)",
				);
				GCC_WARN_64_TO_32_BIT_CONVERSION = YES;
				GCC_WARN_ABOUT_RETURN_TYPE = YES_ERROR;
				GCC_WARN_UNDECLARED_SELECTOR = YES;
				GCC_WARN_UNINITIALIZED_AUTOS = YES_AGGRESSIVE;
				GCC_WARN_UNUSED_FUNCTION = YES;
				GCC_WARN_UNUSED_VARIABLE = YES;
				IPHONEOS_DEPLOYMENT_TARGET = 15.0;
				MTL_ENABLE_DEBUG_INFO = INCLUDE_SOURCE;
				MTL_FAST_MATH = YES;
				ONLY_ACTIVE_ARCH = YES;
				SDKROOT = iphoneos;
			};
			name = Debug;
		};
		77C0DC88273D78FC00752794 /* Release */ = {
			isa = XCBuildConfiguration;
			buildSettings = {
				ALWAYS_SEARCH_USER_PATHS = NO;
				CLANG_ANALYZER_NONNULL = YES;
				CLANG_ANALYZER_NUMBER_OBJECT_CONVERSION = YES_AGGRESSIVE;
				CLANG_CXX_LANGUAGE_STANDARD = "gnu++17";
				CLANG_CXX_LIBRARY = "libc++";
				CLANG_ENABLE_MODULES = YES;
				CLANG_ENABLE_OBJC_ARC = YES;
				CLANG_ENABLE_OBJC_WEAK = YES;
				CLANG_WARN_BLOCK_CAPTURE_AUTORELEASING = YES;
				CLANG_WARN_BOOL_CONVERSION = YES;
				CLANG_WARN_COMMA = YES;
				CLANG_WARN_CONSTANT_CONVERSION = YES;
				CLANG_WARN_DEPRECATED_OBJC_IMPLEMENTATIONS = YES;
				CLANG_WARN_DIRECT_OBJC_ISA_USAGE = YES_ERROR;
				CLANG_WARN_DOCUMENTATION_COMMENTS = YES;
				CLANG_WARN_EMPTY_BODY = YES;
				CLANG_WARN_ENUM_CONVERSION = YES;
				CLANG_WARN_INFINITE_RECURSION = YES;
				CLANG_WARN_INT_CONVERSION = YES;
				CLANG_WARN_NON_LITERAL_NULL_CONVERSION = YES;
				CLANG_WARN_OBJC_IMPLICIT_RETAIN_SELF = YES;
				CLANG_WARN_OBJC_LITERAL_CONVERSION = YES;
				CLANG_WARN_OBJC_ROOT_CLASS = YES_ERROR;
				CLANG_WARN_QUOTED_INCLUDE_IN_FRAMEWORK_HEADER = YES;
				CLANG_WARN_RANGE_LOOP_ANALYSIS = YES;
				CLANG_WARN_STRICT_PROTOTYPES = YES;
				CLANG_WARN_SUSPICIOUS_MOVE = YES;
				CLANG_WARN_UNGUARDED_AVAILABILITY = YES_AGGRESSIVE;
				CLANG_WARN_UNREACHABLE_CODE = YES;
				CLANG_WARN__DUPLICATE_METHOD_MATCH = YES;
				COPY_PHASE_STRIP = NO;
				DEBUG_INFORMATION_FORMAT = "dwarf-with-dsym";
				ENABLE_NS_ASSERTIONS = NO;
				ENABLE_STRICT_OBJC_MSGSEND = YES;
				GCC_C_LANGUAGE_STANDARD = gnu11;
				GCC_NO_COMMON_BLOCKS = YES;
				GCC_WARN_64_TO_32_BIT_CONVERSION = YES;
				GCC_WARN_ABOUT_RETURN_TYPE = YES_ERROR;
				GCC_WARN_UNDECLARED_SELECTOR = YES;
				GCC_WARN_UNINITIALIZED_AUTOS = YES_AGGRESSIVE;
				GCC_WARN_UNUSED_FUNCTION = YES;
				GCC_WARN_UNUSED_VARIABLE = YES;
				IPHONEOS_DEPLOYMENT_TARGET = 15.0;
				MTL_ENABLE_DEBUG_INFO = NO;
				MTL_FAST_MATH = YES;
				SDKROOT = iphoneos;
				VALIDATE_PRODUCT = YES;
			};
			name = Release;
		};
		77C0DC8A273D78FC00752794 /* Debug */ = {
			isa = XCBuildConfiguration;
			buildSettings = {
				ASSETCATALOG_COMPILER_APPICON_NAME = AppIcon;
				ASSETCATALOG_COMPILER_GLOBAL_ACCENT_COLOR_NAME = AccentColor;
				CODE_SIGN_STYLE = Automatic;
				CURRENT_PROJECT_VERSION = 1;
				DEVELOPMENT_TEAM = N28UYC6RTZ;
				GCC_NO_COMMON_BLOCKS = YES;
				GENERATE_INFOPLIST_FILE = YES;
				INFOPLIST_FILE = VKVideoTest/Base/Info.plist;
				INFOPLIST_KEY_UIApplicationSupportsIndirectInputEvents = YES;
				INFOPLIST_KEY_UILaunchStoryboardName = LaunchScreen;
				INFOPLIST_KEY_UISupportedInterfaceOrientations_iPad = "UIInterfaceOrientationPortrait UIInterfaceOrientationPortraitUpsideDown UIInterfaceOrientationLandscapeLeft UIInterfaceOrientationLandscapeRight";
				INFOPLIST_KEY_UISupportedInterfaceOrientations_iPhone = "UIInterfaceOrientationPortrait UIInterfaceOrientationLandscapeLeft UIInterfaceOrientationLandscapeRight";
				LD_RUNPATH_SEARCH_PATHS = (
					"$(inherited)",
					"@executable_path/Frameworks",
				);
				MARKETING_VERSION = 1.0;
				PRODUCT_BUNDLE_IDENTIFIER = com.viktor.VKVideoTest;
				PRODUCT_NAME = "$(TARGET_NAME)";
				SWIFT_EMIT_LOC_STRINGS = YES;
				TARGETED_DEVICE_FAMILY = "1,2";
			};
			name = Debug;
		};
		77C0DC8B273D78FC00752794 /* Release */ = {
			isa = XCBuildConfiguration;
			buildSettings = {
				ASSETCATALOG_COMPILER_APPICON_NAME = AppIcon;
				ASSETCATALOG_COMPILER_GLOBAL_ACCENT_COLOR_NAME = AccentColor;
				CODE_SIGN_STYLE = Automatic;
				CURRENT_PROJECT_VERSION = 1;
				DEVELOPMENT_TEAM = N28UYC6RTZ;
				GCC_NO_COMMON_BLOCKS = YES;
				GENERATE_INFOPLIST_FILE = YES;
				INFOPLIST_FILE = VKVideoTest/Base/Info.plist;
				INFOPLIST_KEY_UIApplicationSupportsIndirectInputEvents = YES;
				INFOPLIST_KEY_UILaunchStoryboardName = LaunchScreen;
				INFOPLIST_KEY_UISupportedInterfaceOrientations_iPad = "UIInterfaceOrientationPortrait UIInterfaceOrientationPortraitUpsideDown UIInterfaceOrientationLandscapeLeft UIInterfaceOrientationLandscapeRight";
				INFOPLIST_KEY_UISupportedInterfaceOrientations_iPhone = "UIInterfaceOrientationPortrait UIInterfaceOrientationLandscapeLeft UIInterfaceOrientationLandscapeRight";
				LD_RUNPATH_SEARCH_PATHS = (
					"$(inherited)",
					"@executable_path/Frameworks",
				);
				MARKETING_VERSION = 1.0;
				PRODUCT_BUNDLE_IDENTIFIER = com.viktor.VKVideoTest;
				PRODUCT_NAME = "$(TARGET_NAME)";
				SWIFT_EMIT_LOC_STRINGS = YES;
				TARGETED_DEVICE_FAMILY = "1,2";
			};
			name = Release;
		};
/* End XCBuildConfiguration section */

/* Begin XCConfigurationList section */
		77C0DC6B273D78F900752794 /* Build configuration list for PBXProject "VKVideoTest" */ = {
			isa = XCConfigurationList;
			buildConfigurations = (
				77C0DC87273D78FC00752794 /* Debug */,
				77C0DC88273D78FC00752794 /* Release */,
			);
			defaultConfigurationIsVisible = 0;
			defaultConfigurationName = Release;
		};
		77C0DC89273D78FC00752794 /* Build configuration list for PBXNativeTarget "VKVideoTest" */ = {
			isa = XCConfigurationList;
			buildConfigurations = (
				77C0DC8A273D78FC00752794 /* Debug */,
				77C0DC8B273D78FC00752794 /* Release */,
			);
			defaultConfigurationIsVisible = 0;
			defaultConfigurationName = Release;
		};
/* End XCConfigurationList section */
	};
	rootObject = 77C0DC68273D78F900752794 /* Project object */;
}
